
Microsoft Visual Studio Solution File, Format Version 12.00
# Visual Studio Version 17
VisualStudioVersion = 17.14.37027.9
MinimumVisualStudioVersion = 10.0.40219.1
Project("{FAE04EC0-301F-11D3-BF4B-00C04F79EFBC}") = "Linebot_jam", "Linebot_jam\Linebot_jam.csproj", "{38F7552F-F742-4CC7-B787-246C1D9531BB}"
EndProject
Project("{FAE04EC0-301F-11D3-BF4B-00C04F79EFBC}") = "Linebot_jam.Tests", "Linebot_jam.Tests\Linebot_jam.Tests.csproj", "{F3F8E3CA-04D2-489D-9890-133268A13F61}"
EndProject
Global
	GlobalSection(SolutionConfigurationPlatforms) = preSolution
		Debug|Any CPU = Debug|Any CPU
		Debug|x64 = Debug|x64
		Debug|x86 = Debug|x86
		Release|Any CPU = Release|Any CPU
		Release|x64 = Release|x64
		Release|x86 = Release|x86
	EndGlobalSection
	GlobalSection(ProjectConfigurationPlatforms) = postSolution
		{38F7552F-F742-4CC7-B787-246C1D9531BB}.Debug|Any CPU.ActiveCfg = Debug|Any CPU
		{38F7552F-F742-4CC7-B787-246C1D9531BB}.Debug|Any CPU.Build.0 = Debug|Any CPU
		{38F7552F-F742-4CC7-B787-246C1D9531BB}.Debug|x64.ActiveCfg = Debug|Any CPU
		{38F7552F-F742-4CC7-B787-246C1D9531BB}.Debug|x64.Build.0 = Debug|Any CPU
		{38F7552F-F742-4CC7-B787-246C1D9531BB}.Debug|x86.ActiveCfg = Debug|Any CPU
		{38F7552F-F742-4CC7-B787-246C1D9531BB}.Debug|x86.Build.0 = Debug|Any CPU
		{38F7552F-F742-4CC7-B787-246C1D9531BB}.Release|Any CPU.ActiveCfg = Release|Any CPU
		{38F7552F-F742-4CC7-B787-246C1D9531BB}.Release|Any CPU.Build.0 = Release|Any CPU
		{38F7552F-F742-4CC7-B787-246C1D9531BB}.Release|x64.ActiveCfg = Release|Any CPU
		{38F7552F-F742-4CC7-B787-246C1D9531BB}.Release|x64.Build.0 = Release|Any CPU
		{38F7552F-F742-4CC7-B787-246C1D9531BB}.Release|x86.ActiveCfg = Release|Any CPU
		{38F7552F-F742-4CC7-B787-246C1D9531BB}.Release|x86.Build.0 = Release|Any CPU
		{F3F8E3CA-04D2-489D-9890-133268A13F61}.Debug|Any CPU.ActiveCfg = Debug|Any CPU
		{F3F8E3CA-04D2-489D-9890-133268A13F61}.Debug|Any CPU.Build.0 = Debug|Any CPU
		{F3F8E3CA-04D2-489D-9890-133268A13F61}.Debug|x64.ActiveCfg = Debug|Any CPU
		{F3F8E3CA-04D2-489D-9890-133268A13F61}.Debug|x64.Build.0 = Debug|Any CPU
		{F3F8E3CA-04D2-489D-9890-133268A13F61}.Debug|x86.ActiveCfg = Debug|Any CPU
		{F3F8E3CA-04D2-489D-9890-133268A13F61}.Debug|x86.Build.0 = Debug|Any CPU
		{F3F8E3CA-04D2-489D-9890-133268A13F61}.Release|Any CPU.ActiveCfg = Release|Any CPU
		{F3F8E3CA-04D2-489D-9890-133268A13F61}.Release|Any CPU.Build.0 = Release|Any CPU
		{F3F8E3CA-04D2-489D-9890-133268A13F61}.Release|x64.ActiveCfg = Release|Any CPU
		{F3F8E3CA-04D2-489D-9890-133268A13F61}.Release|x64.Build.0 = Release|Any CPU
		{F3F8E3CA-04D2-489D-9890-133268A13F61}.Release|x86.ActiveCfg = Release|Any CPU
		{F3F8E3CA-04D2-489D-9890-133268A13F61}.Release|x86.Build.0 = Release|Any CPU
	EndGlobalSection
	GlobalSection(SolutionProperties) = preSolution
		HideSolutionNode = FALSE
	EndGlobalSection
	GlobalSection(ExtensibilityGlobals) = postSolution
		SolutionGuid = {F71498D6-85B4-4360-8AA7-74D799F6A490}
	EndGlobalSection
EndGlobal
